// !$*UTF8*$!
{
	archiveVersion = 1;
	classes = {
	};
	objectVersion = 46;
	objects = {

/* Begin PBXBuildFile section */
		25EFC2CA1BA35AEB006E0D1C /* main.cpp in Sources */ = {isa = PBXBuildFile; fileRef = 25EFC2C91BA35AEB006E0D1C /* main.cpp */; };
/* End PBXBuildFile section */

/* Begin PBXCopyFilesBuildPhase section */
		25EFC2C41BA35AEB006E0D1C /* CopyFiles */ = {
			isa = PBXCopyFilesBuildPhase;
			buildActionMask = 2147483647;
			dstPath = /usr/share/man/man1/;
			dstSubfolderSpec = 0;
			files = (
			);
			runOnlyForDeploymentPostprocessing = 1;
		};
/* End PBXCopyFilesBuildPhase section */

/* Begin PBXFileReference section */
		25EFC2C61BA35AEB006E0D1C /* DisjointSet */ = {isa = PBXFileReference; explicitFileType = "compiled.mach-o.executable"; includeInIndex = 0; path = DisjointSet; sourceTree = BUILT_PRODUCTS_DIR; };
		25EFC2C91BA35AEB006E0D1C /* main.cpp */ = {isa = PBXFileReference; lastKnownFileType = sourcecode.cpp.cpp; path = main.cpp; sourceTree = "<group>"; };
/* End PBXFileReference section */

/* Begin PBXFrameworksBuildPhase section */
		25EFC2C31BA35AEB006E0D1C /* Frameworks */ = {
			isa = PBXFrameworksBuildPhase;
			buildActionMask = 2147483647;
			files = (
			);
			runOnlyForDeploymentPostprocessing = 0;
		};
/* End PBXFrameworksBuildPhase section */

/* Begin PBXGroup section */
		25EFC2BD1BA35AEB006E0D1C = {
			isa = PBXGroup;
			children = (
				25EFC2C81BA35AEB006E0D1C /* DisjointSet */,
				25EFC2C71BA35AEB006E0D1C /* Products */,
			);
			sourceTree = "<group>";
		};
		25EFC2C71BA35AEB006E0D1C /* Products */ = {
			isa = PBXGroup;
			children = (
				25EFC2C61BA35AEB006E0D1C /* DisjointSet */,
			);
			name = Products;
			sourceTree = "<group>";
		};
		25EFC2C81BA35AEB006E0D1C /* DisjointSet */ = {
			isa = PBXGroup;
			children = (
				25EFC2C91BA35AEB006E0D1C /* main.cpp */,
			);
			path = DisjointSet;
			sourceTree = "<group>";
		};
/* End PBXGroup section */

/* Begin PBXNativeTarget section */
		25EFC2C51BA35AEB006E0D1C /* DisjointSet */ = {
			isa = PBXNativeTarget;
			buildConfigurationList = 25EFC2CD1BA35AEB006E0D1C /* Build configuration list for PBXNativeTarget "DisjointSet" */;
			buildPhases = (
				25EFC2C21BA35AEB006E0D1C /* Sources */,
				25EFC2C31BA35AEB006E0D1C /* Frameworks */,
				25EFC2C41BA35AEB006E0D1C /* CopyFiles */,
			);
			buildRules = (
			);
			dependencies = (
			);
			name = DisjointSet;
			productName = DisjointSet;
			productReference = 25EFC2C61BA35AEB006E0D1C /* DisjointSet */;
			productType = "com.apple.product-type.tool";
		};
/* End PBXNativeTarget section */

/* Begin PBXProject section */
		25EFC2BE1BA35AEB006E0D1C /* Project object */ = {
			isa = PBXProject;
			attributes = {
				LastUpgradeCheck = 0640;
				ORGANIZATIONNAME = "Shuvro Sarker";
				TargetAttributes = {
					25EFC2C51BA35AEB006E0D1C = {
						CreatedOnToolsVersion = 6.4;
					};
				};
			};
			buildConfigurationList = 25EFC2C11BA35AEB006E0D1C /* Build configuration list for PBXProject "DisjointSet" */;
			compatibilityVersion = "Xcode 3.2";
			developmentRegion = English;
			hasScannedForEncodings = 0;
			knownRegions = (
				en,
			);
			mainGroup = 25EFC2BD1BA35AEB006E0D1C;
			productRefGroup = 25EFC2C71BA35AEB006E0D1C /* Products */;
			projectDirPath = "";
			projectRoot = "";
			targets = (
				25EFC2C51BA35AEB006E0D1C /* DisjointSet */,
			);
		};
/* End PBXProject section */

/* Begin PBXSourcesBuildPhase section */
		25EFC2C21BA35AEB006E0D1C /* Sources */ = {
			isa = PBXSourcesBuildPhase;
			buildActionMask = 2147483647;
			files = (
				25EFC2CA1BA35AEB006E0D1C /* main.cpp in Sources */,
			);
			runOnlyForDeploymentPostprocessing = 0;
		};
/* End PBXSourcesBuildPhase section */

/* Begin XCBuildConfiguration section */
		25EFC2CB1BA35AEB006E0D1C /* Debug */ = {
			isa = XCBuildConfiguration;
			buildSettings = {
				ALWAYS_SEARCH_USER_PATHS = NO;
				CLANG_CXX_LANGUAGE_STANDARD = "gnu++0x";
				CLANG_CXX_LIBRARY = "libc++";
				CLANG_ENABLE_MODULES = YES;
				CLANG_ENABLE_OBJC_ARC = YES;
				CLANG_WARN_BOOL_CONVERSION = YES;
				CLANG_WARN_CONSTANT_CONVERSION = YES;
				CLANG_WARN_DIRECT_OBJC_ISA_USAGE = YES_ERROR;
				CLANG_WARN_EMPTY_BODY = YES;
				CLANG_WARN_ENUM_CONVERSION = YES;
				CLANG_WARN_INT_CONVERSION = YES;
				CLANG_WARN_OBJC_ROOT_CLASS = YES_ERROR;
				CLANG_WARN_UNREACHABLE_CODE = YES;
				CLANG_WARN__DUPLICATE_METHOD_MATCH = YES;
				COPY_PHASE_STRIP = NO;
				DEBUG_INFORMATION_FORMAT = dwarf;
				ENABLE_STRICT_OBJC_MSGSEND = YES;
				GCC_C_LANGUAGE_STANDARD = gnu99;
				GCC_DYNAMIC_NO_PIC = NO;
				GCC_NO_COMMON_BLOCKS = YES;
				GCC_OPTIMIZATION_LEVEL = 0;
				GCC_PREPROCESSOR_DEFINITIONS = (
					"DEBUG=1",
					"$(inherited)",
				);
				GCC_SYMBOLS_PRIVATE_EXTERN = NO;
				GCC_WARN_64_TO_32_BIT_CONVERSION = YES;
				GCC_WARN_ABOUT_RETURN_TYPE = YES_ERROR;
				GCC_WARN_UNDECLARED_SELECTOR = YES;
				GCC_WARN_UNINITIALIZED_AUTOS = YES_AGGRESSIVE;
				GCC_WARN_UNUSED_FUNCTION = YES;
				GCC_WARN_UNUSED_VARIABLE = YES;
				MACOSX_DEPLOYMENT_TARGET = 10.10;
				MTL_ENABLE_DEBUG_INFO = YES;
				ONLY_ACTIVE_ARCH = YES;
				SDKROOT = macosx;
			};
			name = Debug;
		};
		25EFC2CC1BA35AEB006E0D1C /* Release */ = {
			isa = XCBuildConfiguration;
			buildSettings = {
				ALWAYS_SEARCH_USER_PATHS = NO;
				CLANG_CXX_LANGUAGE_STANDARD = "gnu++0x";
				CLANG_CXX_LIBRARY = "libc++";
				CLANG_ENABLE_MODULES = YES;
				CLANG_ENABLE_OBJC_ARC = YES;
				CLANG_WARN_BOOL_CONVERSION = YES;
				CLANG_WARN_CONSTANT_CONVERSION = YES;
				CLANG_WARN_DIRECT_OBJC_ISA_USAGE = YES_ERROR;
				CLANG_WARN_EMPTY_BODY = YES;
				CLANG_WARN_ENUM_CONVERSION = YES;
				CLANG_WARN_INT_CONVERSION = YES;
				CLANG_WARN_OBJC_ROOT_CLASS = YES_ERROR;
				CLANG_WARN_UNREACHABLE_CODE = YES;
				CLANG_WARN__DUPLICATE_METHOD_MATCH = YES;
				COPY_PHASE_STRIP = NO;
				DEBUG_INFORMATION_FORMAT = "dwarf-with-dsym";
				ENABLE_NS_ASSERTIONS = NO;
				ENABLE_STRICT_OBJC_MSGSEND = YES;
				GCC_C_LANGUAGE_STANDARD = gnu99;
				GCC_NO_COMMON_BLOCKS = YES;
				GCC_WARN_64_TO_32_BIT_CONVERSION = YES;
				GCC_WARN_ABOUT_RETURN_TYPE = YES_ERROR;
				GCC_WARN_UNDECLARED_SELECTOR = YES;
				GCC_WARN_UNINITIALIZED_AUTOS = YES_AGGRESSIVE;
				GCC_WARN_UNUSED_FUNCTION = YES;
				GCC_WARN_UNUSED_VARIABLE = YES;
				MACOSX_DEPLOYMENT_TARGET = 10.10;
				MTL_ENABLE_DEBUG_INFO = NO;
				SDKROOT = macosx;
			};
			name = Release;
		};
		25EFC2CE1BA35AEB006E0D1C /* Debug */ = {
			isa = XCBuildConfiguration;
			buildSettings = {
				PRODUCT_NAME = "$(TARGET_NAME)";
			};
			name = Debug;
		};
		25EFC2CF1BA35AEB006E0D1C /* Release */ = {
			isa = XCBuildConfiguration;
			buildSettings = {
				PRODUCT_NAME = "$(TARGET_NAME)";
			};
			name = Release;
		};
/* End XCBuildConfiguration section */

/* Begin XCConfigurationList section */
		25EFC2C11BA35AEB006E0D1C /* Build configuration list for PBXProject "DisjointSet" */ = {
			isa = XCConfigurationList;
			buildConfigurations = (
				25EFC2CB1BA35AEB006E0D1C /* Debug */,
				25EFC2CC1BA35AEB006E0D1C /* Release */,
			);
			defaultConfigurationIsVisible = 0;
			defaultConfigurationName = Release;
		};
		25EFC2CD1BA35AEB006E0D1C /* Build configuration list for PBXNativeTarget "DisjointSet" */ = {
			isa = XCConfigurationList;
			buildConfigurations = (
				25EFC2CE1BA35AEB006E0D1C /* Debug */,
				25EFC2CF1BA35AEB006E0D1C /* Release */,
			);
			defaultConfigurationIsVisible = 0;
		};
/* End XCConfigurationList section */
	};
	rootObject = 25EFC2BE1BA35AEB006E0D1C /* Project object */;
}
